// !$*UTF8*$!
{
	archiveVersion = 1;
	classes = {
	};
	objectVersion = 46;
	objects = {

/* Begin PBXBuildFile section */
		C3BA75E9180FED05005D1531 /* Foundation.framework in Frameworks */ = {isa = PBXBuildFile; fileRef = C3BA75E8180FED05005D1531 /* Foundation.framework */; };
		C3BA75EB180FED05005D1531 /* CoreGraphics.framework in Frameworks */ = {isa = PBXBuildFile; fileRef = C3BA75EA180FED05005D1531 /* CoreGraphics.framework */; };
		C3BA75ED180FED05005D1531 /* UIKit.framework in Frameworks */ = {isa = PBXBuildFile; fileRef = C3BA75EC180FED05005D1531 /* UIKit.framework */; };
		C3BA75F3180FED05005D1531 /* InfoPlist.strings in Resources */ = {isa = PBXBuildFile; fileRef = C3BA75F1180FED05005D1531 /* InfoPlist.strings */; };
		C3BA75F5180FED05005D1531 /* main.m in Sources */ = {isa = PBXBuildFile; fileRef = C3BA75F4180FED05005D1531 /* main.m */; };
		C3BA75F9180FED05005D1531 /* BNRAppDelegate.m in Sources */ = {isa = PBXBuildFile; fileRef = C3BA75F8180FED05005D1531 /* BNRAppDelegate.m */; };
		C3BA75FB180FED05005D1531 /* Images.xcassets in Resources */ = {isa = PBXBuildFile; fileRef = C3BA75FA180FED05005D1531 /* Images.xcassets */; };
		C3BA7602180FED05005D1531 /* XCTest.framework in Frameworks */ = {isa = PBXBuildFile; fileRef = C3BA7601180FED05005D1531 /* XCTest.framework */; };
		C3BA7603180FED05005D1531 /* Foundation.framework in Frameworks */ = {isa = PBXBuildFile; fileRef = C3BA75E8180FED05005D1531 /* Foundation.framework */; };
		C3BA7604180FED05005D1531 /* UIKit.framework in Frameworks */ = {isa = PBXBuildFile; fileRef = C3BA75EC180FED05005D1531 /* UIKit.framework */; };
		C3BA760C180FED05005D1531 /* InfoPlist.strings in Resources */ = {isa = PBXBuildFile; fileRef = C3BA760A180FED05005D1531 /* InfoPlist.strings */; };
		C3BA760E180FED05005D1531 /* BlockyTests.m in Sources */ = {isa = PBXBuildFile; fileRef = C3BA760D180FED05005D1531 /* BlockyTests.m */; };
/* End PBXBuildFile section */

/* Begin PBXContainerItemProxy section */
		C3BA7605180FED05005D1531 /* PBXContainerItemProxy */ = {
			isa = PBXContainerItemProxy;
			containerPortal = C3BA75DD180FED05005D1531 /* Project object */;
			proxyType = 1;
			remoteGlobalIDString = C3BA75E4180FED05005D1531;
			remoteInfo = Blocky;
		};
/* End PBXContainerItemProxy section */

/* Begin PBXFileReference section */
		C3BA75E5180FED05005D1531 /* Blocky.app */ = {isa = PBXFileReference; explicitFileType = wrapper.application; includeInIndex = 0; path = Blocky.app; sourceTree = BUILT_PRODUCTS_DIR; };
		C3BA75E8180FED05005D1531 /* Foundation.framework */ = {isa = PBXFileReference; lastKnownFileType = wrapper.framework; name = Foundation.framework; path = System/Library/Frameworks/Foundation.framework; sourceTree = SDKROOT; };
		C3BA75EA180FED05005D1531 /* CoreGraphics.framework */ = {isa = PBXFileReference; lastKnownFileType = wrapper.framework; name = CoreGraphics.framework; path = System/Library/Frameworks/CoreGraphics.framework; sourceTree = SDKROOT; };
		C3BA75EC180FED05005D1531 /* UIKit.framework */ = {isa = PBXFileReference; lastKnownFileType = wrapper.framework; name = UIKit.framework; path = System/Library/Frameworks/UIKit.framework; sourceTree = SDKROOT; };
		C3BA75F0180FED05005D1531 /* Blocky-Info.plist */ = {isa = PBXFileReference; lastKnownFileType = text.plist.xml; path = "Blocky-Info.plist"; sourceTree = "<group>"; };
		C3BA75F2180FED05005D1531 /* en */ = {isa = PBXFileReference; lastKnownFileType = text.plist.strings; name = en; path = en.lproj/InfoPlist.strings; sourceTree = "<group>"; };
		C3BA75F4180FED05005D1531 /* main.m */ = {isa = PBXFileReference; lastKnownFileType = sourcecode.c.objc; path = main.m; sourceTree = "<group>"; };
		C3BA75F6180FED05005D1531 /* Blocky-Prefix.pch */ = {isa = PBXFileReference; lastKnownFileType = sourcecode.c.h; path = "Blocky-Prefix.pch"; sourceTree = "<group>"; };
		C3BA75F7180FED05005D1531 /* BNRAppDelegate.h */ = {isa = PBXFileReference; lastKnownFileType = sourcecode.c.h; path = BNRAppDelegate.h; sourceTree = "<group>"; };
		C3BA75F8180FED05005D1531 /* BNRAppDelegate.m */ = {isa = PBXFileReference; lastKnownFileType = sourcecode.c.objc; path = BNRAppDelegate.m; sourceTree = "<group>"; };
		C3BA75FA180FED05005D1531 /* Images.xcassets */ = {isa = PBXFileReference; lastKnownFileType = folder.assetcatalog; path = Images.xcassets; sourceTree = "<group>"; };
		C3BA7600180FED05005D1531 /* BlockyTests.xctest */ = {isa = PBXFileReference; explicitFileType = wrapper.cfbundle; includeInIndex = 0; path = BlockyTests.xctest; sourceTree = BUILT_PRODUCTS_DIR; };
		C3BA7601180FED05005D1531 /* XCTest.framework */ = {isa = PBXFileReference; lastKnownFileType = wrapper.framework; name = XCTest.framework; path = Library/Frameworks/XCTest.framework; sourceTree = DEVELOPER_DIR; };
		C3BA7609180FED05005D1531 /* BlockyTests-Info.plist */ = {isa = PBXFileReference; lastKnownFileType = text.plist.xml; path = "BlockyTests-Info.plist"; sourceTree = "<group>"; };
		C3BA760B180FED05005D1531 /* en */ = {isa = PBXFileReference; lastKnownFileType = text.plist.strings; name = en; path = en.lproj/InfoPlist.strings; sourceTree = "<group>"; };
		C3BA760D180FED05005D1531 /* BlockyTests.m */ = {isa = PBXFileReference; lastKnownFileType = sourcecode.c.objc; path = BlockyTests.m; sourceTree = "<group>"; };
/* End PBXFileReference section */

/* Begin PBXFrameworksBuildPhase section */
		C3BA75E2180FED05005D1531 /* Frameworks */ = {
			isa = PBXFrameworksBuildPhase;
			buildActionMask = 2147483647;
			files = (
				C3BA75EB180FED05005D1531 /* CoreGraphics.framework in Frameworks */,
				C3BA75ED180FED05005D1531 /* UIKit.framework in Frameworks */,
				C3BA75E9180FED05005D1531 /* Foundation.framework in Frameworks */,
			);
			runOnlyForDeploymentPostprocessing = 0;
		};
		C3BA75FD180FED05005D1531 /* Frameworks */ = {
			isa = PBXFrameworksBuildPhase;
			buildActionMask = 2147483647;
			files = (
				C3BA7602180FED05005D1531 /* XCTest.framework in Frameworks */,
				C3BA7604180FED05005D1531 /* UIKit.framework in Frameworks */,
				C3BA7603180FED05005D1531 /* Foundation.framework in Frameworks */,
			);
			runOnlyForDeploymentPostprocessing = 0;
		};
/* End PBXFrameworksBuildPhase section */

/* Begin PBXGroup section */
		C3BA75DC180FED05005D1531 = {
			isa = PBXGroup;
			children = (
				C3BA75EE180FED05005D1531 /* Blocky */,
				C3BA7607180FED05005D1531 /* BlockyTests */,
				C3BA75E7180FED05005D1531 /* Frameworks */,
				C3BA75E6180FED05005D1531 /* Products */,
			);
			sourceTree = "<group>";
		};
		C3BA75E6180FED05005D1531 /* Products */ = {
			isa = PBXGroup;
			children = (
				C3BA75E5180FED05005D1531 /* Blocky.app */,
				C3BA7600180FED05005D1531 /* BlockyTests.xctest */,
			);
			name = Products;
			sourceTree = "<group>";
		};
		C3BA75E7180FED05005D1531 /* Frameworks */ = {
			isa = PBXGroup;
			children = (
				C3BA75E8180FED05005D1531 /* Foundation.framework */,
				C3BA75EA180FED05005D1531 /* CoreGraphics.framework */,
				C3BA75EC180FED05005D1531 /* UIKit.framework */,
				C3BA7601180FED05005D1531 /* XCTest.framework */,
			);
			name = Frameworks;
			sourceTree = "<group>";
		};
		C3BA75EE180FED05005D1531 /* Blocky */ = {
			isa = PBXGroup;
			children = (
				C3BA75F7180FED05005D1531 /* BNRAppDelegate.h */,
				C3BA75F8180FED05005D1531 /* BNRAppDelegate.m */,
				C3BA75FA180FED05005D1531 /* Images.xcassets */,
				C3BA75EF180FED05005D1531 /* Supporting Files */,
			);
			path = Blocky;
			sourceTree = "<group>";
		};
		C3BA75EF180FED05005D1531 /* Supporting Files */ = {
			isa = PBXGroup;
			children = (
				C3BA75F0180FED05005D1531 /* Blocky-Info.plist */,
				C3BA75F1180FED05005D1531 /* InfoPlist.strings */,
				C3BA75F4180FED05005D1531 /* main.m */,
				C3BA75F6180FED05005D1531 /* Blocky-Prefix.pch */,
			);
			name = "Supporting Files";
			sourceTree = "<group>";
		};
		C3BA7607180FED05005D1531 /* BlockyTests */ = {
			isa = PBXGroup;
			children = (
				C3BA760D180FED05005D1531 /* BlockyTests.m */,
				C3BA7608180FED05005D1531 /* Supporting Files */,
			);
			path = BlockyTests;
			sourceTree = "<group>";
		};
		C3BA7608180FED05005D1531 /* Supporting Files */ = {
			isa = PBXGroup;
			children = (
				C3BA7609180FED05005D1531 /* BlockyTests-Info.plist */,
				C3BA760A180FED05005D1531 /* InfoPlist.strings */,
			);
			name = "Supporting Files";
			sourceTree = "<group>";
		};
/* End PBXGroup section */

/* Begin PBXNativeTarget section */
		C3BA75E4180FED05005D1531 /* Blocky */ = {
			isa = PBXNativeTarget;
			buildConfigurationList = C3BA7611180FED05005D1531 /* Build configuration list for PBXNativeTarget "Blocky" */;
			buildPhases = (
				C3BA75E1180FED05005D1531 /* Sources */,
				C3BA75E2180FED05005D1531 /* Frameworks */,
				C3BA75E3180FED05005D1531 /* Resources */,
			);
			buildRules = (
			);
			dependencies = (
			);
			name = Blocky;
			productName = Blocky;
			productReference = C3BA75E5180FED05005D1531 /* Blocky.app */;
			productType = "com.apple.product-type.application";
		};
		C3BA75FF180FED05005D1531 /* BlockyTests */ = {
			isa = PBXNativeTarget;
			buildConfigurationList = C3BA7614180FED05005D1531 /* Build configuration list for PBXNativeTarget "BlockyTests" */;
			buildPhases = (
				C3BA75FC180FED05005D1531 /* Sources */,
				C3BA75FD180FED05005D1531 /* Frameworks */,
				C3BA75FE180FED05005D1531 /* Resources */,
			);
			buildRules = (
			);
			dependencies = (
				C3BA7606180FED05005D1531 /* PBXTargetDependency */,
			);
			name = BlockyTests;
			productName = BlockyTests;
			productReference = C3BA7600180FED05005D1531 /* BlockyTests.xctest */;
			productType = "com.apple.product-type.bundle.unit-test";
		};
/* End PBXNativeTarget section */

/* Begin PBXProject section */
		C3BA75DD180FED05005D1531 /* Project object */ = {
			isa = PBXProject;
			attributes = {
				CLASSPREFIX = BNR;
				LastUpgradeCheck = 0500;
				ORGANIZATIONNAME = net.infojobs;
				TargetAttributes = {
					C3BA75FF180FED05005D1531 = {
						TestTargetID = C3BA75E4180FED05005D1531;
					};
				};
			};
			buildConfigurationList = C3BA75E0180FED05005D1531 /* Build configuration list for PBXProject "Blocky" */;
			compatibilityVersion = "Xcode 3.2";
			developmentRegion = English;
			hasScannedForEncodings = 0;
			knownRegions = (
				en,
			);
			mainGroup = C3BA75DC180FED05005D1531;
			productRefGroup = C3BA75E6180FED05005D1531 /* Products */;
			projectDirPath = "";
			projectRoot = "";
			targets = (
				C3BA75E4180FED05005D1531 /* Blocky */,
				C3BA75FF180FED05005D1531 /* BlockyTests */,
			);
		};
/* End PBXProject section */

/* Begin PBXResourcesBuildPhase section */
		C3BA75E3180FED05005D1531 /* Resources */ = {
			isa = PBXResourcesBuildPhase;
			buildActionMask = 2147483647;
			files = (
				C3BA75F3180FED05005D1531 /* InfoPlist.strings in Resources */,
				C3BA75FB180FED05005D1531 /* Images.xcassets in Resources */,
			);
			runOnlyForDeploymentPostprocessing = 0;
		};
		C3BA75FE180FED05005D1531 /* Resources */ = {
			isa = PBXResourcesBuildPhase;
			buildActionMask = 2147483647;
			files = (
				C3BA760C180FED05005D1531 /* InfoPlist.strings in Resources */,
			);
			runOnlyForDeploymentPostprocessing = 0;
		};
/* End PBXResourcesBuildPhase section */

/* Begin PBXSourcesBuildPhase section */
		C3BA75E1180FED05005D1531 /* Sources */ = {
			isa = PBXSourcesBuildPhase;
			buildActionMask = 2147483647;
			files = (
				C3BA75F5180FED05005D1531 /* main.m in Sources */,
				C3BA75F9180FED05005D1531 /* BNRAppDelegate.m in Sources */,
			);
			runOnlyForDeploymentPostprocessing = 0;
		};
		C3BA75FC180FED05005D1531 /* Sources */ = {
			isa = PBXSourcesBuildPhase;
			buildActionMask = 2147483647;
			files = (
				C3BA760E180FED05005D1531 /* BlockyTests.m in Sources */,
			);
			runOnlyForDeploymentPostprocessing = 0;
		};
/* End PBXSourcesBuildPhase section */

/* Begin PBXTargetDependency section */
		C3BA7606180FED05005D1531 /* PBXTargetDependency */ = {
			isa = PBXTargetDependency;
			target = C3BA75E4180FED05005D1531 /* Blocky */;
			targetProxy = C3BA7605180FED05005D1531 /* PBXContainerItemProxy */;
		};
/* End PBXTargetDependency section */

/* Begin PBXVariantGroup section */
		C3BA75F1180FED05005D1531 /* InfoPlist.strings */ = {
			isa = PBXVariantGroup;
			children = (
				C3BA75F2180FED05005D1531 /* en */,
			);
			name = InfoPlist.strings;
			sourceTree = "<group>";
		};
		C3BA760A180FED05005D1531 /* InfoPlist.strings */ = {
			isa = PBXVariantGroup;
			children = (
				C3BA760B180FED05005D1531 /* en */,
			);
			name = InfoPlist.strings;
			sourceTree = "<group>";
		};
/* End PBXVariantGroup section */

/* Begin XCBuildConfiguration section */
		C3BA760F180FED05005D1531 /* Debug */ = {
			isa = XCBuildConfiguration;
			buildSettings = {
				ALWAYS_SEARCH_USER_PATHS = NO;
				ARCHS = "$(ARCHS_STANDARD_INCLUDING_64_BIT)";
				CLANG_CXX_LANGUAGE_STANDARD = "gnu++0x";
				CLANG_CXX_LIBRARY = "libc++";
				CLANG_ENABLE_MODULES = YES;
				CLANG_ENABLE_OBJC_ARC = YES;
				CLANG_WARN_BOOL_CONVERSION = YES;
				CLANG_WARN_CONSTANT_CONVERSION = YES;
				CLANG_WARN_DIRECT_OBJC_ISA_USAGE = YES_ERROR;
				CLANG_WARN_EMPTY_BODY = YES;
				CLANG_WARN_ENUM_CONVERSION = YES;
				CLANG_WARN_INT_CONVERSION = YES;
				CLANG_WARN_OBJC_ROOT_CLASS = YES_ERROR;
				CLANG_WARN__DUPLICATE_METHOD_MATCH = YES;
				"CODE_SIGN_IDENTITY[sdk=iphoneos*]" = "iPhone Developer";
				COPY_PHASE_STRIP = NO;
				GCC_C_LANGUAGE_STANDARD = gnu99;
				GCC_DYNAMIC_NO_PIC = NO;
				GCC_OPTIMIZATION_LEVEL = 0;
				GCC_PREPROCESSOR_DEFINITIONS = (
					"DEBUG=1",
					"$(inherited)",
				);
				GCC_SYMBOLS_PRIVATE_EXTERN = NO;
				GCC_WARN_64_TO_32_BIT_CONVERSION = YES;
				GCC_WARN_ABOUT_RETURN_TYPE = YES_ERROR;
				GCC_WARN_UNDECLARED_SELECTOR = YES;
				GCC_WARN_UNINITIALIZED_AUTOS = YES;
				GCC_WARN_UNUSED_FUNCTION = YES;
				GCC_WARN_UNUSED_VARIABLE = YES;
				IPHONEOS_DEPLOYMENT_TARGET = 7.0;
				ONLY_ACTIVE_ARCH = YES;
				SDKROOT = iphoneos;
			};
			name = Debug;
		};
		C3BA7610180FED05005D1531 /* Release */ = {
			isa = XCBuildConfiguration;
			buildSettings = {
				ALWAYS_SEARCH_USER_PATHS = NO;
				ARCHS = "$(ARCHS_STANDARD_INCLUDING_64_BIT)";
				CLANG_CXX_LANGUAGE_STANDARD = "gnu++0x";
				CLANG_CXX_LIBRARY = "libc++";
				CLANG_ENABLE_MODULES = YES;
				CLANG_ENABLE_OBJC_ARC = YES;
				CLANG_WARN_BOOL_CONVERSION = YES;
				CLANG_WARN_CONSTANT_CONVERSION = YES;
				CLANG_WARN_DIRECT_OBJC_ISA_USAGE = YES_ERROR;
				CLANG_WARN_EMPTY_BODY = YES;
				CLANG_WARN_ENUM_CONVERSION = YES;
				CLANG_WARN_INT_CONVERSION = YES;
				CLANG_WARN_OBJC_ROOT_CLASS = YES_ERROR;
				CLANG_WARN__DUPLICATE_METHOD_MATCH = YES;
				"CODE_SIGN_IDENTITY[sdk=iphoneos*]" = "iPhone Developer";
				COPY_PHASE_STRIP = YES;
				ENABLE_NS_ASSERTIONS = NO;
				GCC_C_LANGUAGE_STANDARD = gnu99;
				GCC_WARN_64_TO_32_BIT_CONVERSION = YES;
				GCC_WARN_ABOUT_RETURN_TYPE = YES_ERROR;
				GCC_WARN_UNDECLARED_SELECTOR = YES;
				GCC_WARN_UNINITIALIZED_AUTOS = YES;
				GCC_WARN_UNUSED_FUNCTION = YES;
				GCC_WARN_UNUSED_VARIABLE = YES;
				IPHONEOS_DEPLOYMENT_TARGET = 7.0;
				SDKROOT = iphoneos;
				VALIDATE_PRODUCT = YES;
			};
			name = Release;
		};
		C3BA7612180FED05005D1531 /* Debug */ = {
			isa = XCBuildConfiguration;
			buildSettings = {
				ASSETCATALOG_COMPILER_APPICON_NAME = AppIcon;
				ASSETCATALOG_COMPILER_LAUNCHIMAGE_NAME = LaunchImage;
				GCC_PRECOMPILE_PREFIX_HEADER = YES;
				GCC_PREFIX_HEADER = "Blocky/Blocky-Prefix.pch";
				INFOPLIST_FILE = "Blocky/Blocky-Info.plist";
				PRODUCT_NAME = "$(TARGET_NAME)";
				WRAPPER_EXTENSION = app;
			};
			name = Debug;
		};
		C3BA7613180FED05005D1531 /* Release */ = {
			isa = XCBuildConfiguration;
			buildSettings = {
				ASSETCATALOG_COMPILER_APPICON_NAME = AppIcon;
				ASSETCATALOG_COMPILER_LAUNCHIMAGE_NAME = LaunchImage;
				GCC_PRECOMPILE_PREFIX_HEADER = YES;
				GCC_PREFIX_HEADER = "Blocky/Blocky-Prefix.pch";
				INFOPLIST_FILE = "Blocky/Blocky-Info.plist";
				PRODUCT_NAME = "$(TARGET_NAME)";
				WRAPPER_EXTENSION = app;
			};
			name = Release;
		};
		C3BA7615180FED05005D1531 /* Debug */ = {
			isa = XCBuildConfiguration;
			buildSettings = {
				ARCHS = "$(ARCHS_STANDARD_INCLUDING_64_BIT)";
				BUNDLE_LOADER = "$(BUILT_PRODUCTS_DIR)/Blocky.app/Blocky";
				FRAMEWORK_SEARCH_PATHS = (
					"$(SDKROOT)/Developer/Library/Frameworks",
					"$(inherited)",
					"$(DEVELOPER_FRAMEWORKS_DIR)",
				);
				GCC_PRECOMPILE_PREFIX_HEADER = YES;
				GCC_PREFIX_HEADER = "Blocky/Blocky-Prefix.pch";
				GCC_PREPROCESSOR_DEFINITIONS = (
					"DEBUG=1",
					"$(inherited)",
				);
				INFOPLIST_FILE = "BlockyTests/BlockyTests-Info.plist";
				PRODUCT_NAME = "$(TARGET_NAME)";
				TEST_HOST = "$(BUNDLE_LOADER)";
				WRAPPER_EXTENSION = xctest;
			};
			name = Debug;
		};
		C3BA7616180FED05005D1531 /* Release */ = {
			isa = XCBuildConfiguration;
			buildSettings = {
				ARCHS = "$(ARCHS_STANDARD_INCLUDING_64_BIT)";
				BUNDLE_LOADER = "$(BUILT_PRODUCTS_DIR)/Blocky.app/Blocky";
				FRAMEWORK_SEARCH_PATHS = (
					"$(SDKROOT)/Developer/Library/Frameworks",
					"$(inherited)",
					"$(DEVELOPER_FRAMEWORKS_DIR)",
				);
				GCC_PRECOMPILE_PREFIX_HEADER = YES;
				GCC_PREFIX_HEADER = "Blocky/Blocky-Prefix.pch";
				INFOPLIST_FILE = "BlockyTests/BlockyTests-Info.plist";
				PRODUCT_NAME = "$(TARGET_NAME)";
				TEST_HOST = "$(BUNDLE_LOADER)";
				WRAPPER_EXTENSION = xctest;
			};
			name = Release;
		};
/* End XCBuildConfiguration section */

/* Begin XCConfigurationList section */
		C3BA75E0180FED05005D1531 /* Build configuration list for PBXProject "Blocky" */ = {
			isa = XCConfigurationList;
			buildConfigurations = (
				C3BA760F180FED05005D1531 /* Debug */,
				C3BA7610180FED05005D1531 /* Release */,
			);
			defaultConfigurationIsVisible = 0;
			defaultConfigurationName = Release;
		};
		C3BA7611180FED05005D1531 /* Build configuration list for PBXNativeTarget "Blocky" */ = {
			isa = XCConfigurationList;
			buildConfigurations = (
				C3BA7612180FED05005D1531 /* Debug */,
				C3BA7613180FED05005D1531 /* Release */,
			);
			defaultConfigurationIsVisible = 0;
		};
		C3BA7614180FED05005D1531 /* Build configuration list for PBXNativeTarget "BlockyTests" */ = {
			isa = XCConfigurationList;
			buildConfigurations = (
				C3BA7615180FED05005D1531 /* Debug */,
				C3BA7616180FED05005D1531 /* Release */,
			);
			defaultConfigurationIsVisible = 0;
		};
/* End XCConfigurationList section */
	};
	rootObject = C3BA75DD180FED05005D1531 /* Project object */;
}
