// !$*UTF8*$!
{
	archiveVersion = 1;
	classes = {
	};
	objectVersion = 46;
	objects = {

/* Begin PBXBuildFile section */
		C38DD9D417F340EC0068532F /* Foundation.framework in Frameworks */ = {isa = PBXBuildFile; fileRef = C38DD9D317F340EC0068532F /* Foundation.framework */; };
		C38DD9D617F340EC0068532F /* CoreGraphics.framework in Frameworks */ = {isa = PBXBuildFile; fileRef = C38DD9D517F340EC0068532F /* CoreGraphics.framework */; };
		C38DD9D817F340EC0068532F /* UIKit.framework in Frameworks */ = {isa = PBXBuildFile; fileRef = C38DD9D717F340EC0068532F /* UIKit.framework */; };
		C38DD9DE17F340EC0068532F /* InfoPlist.strings in Resources */ = {isa = PBXBuildFile; fileRef = C38DD9DC17F340EC0068532F /* InfoPlist.strings */; };
		C38DD9E017F340EC0068532F /* main.m in Sources */ = {isa = PBXBuildFile; fileRef = C38DD9DF17F340EC0068532F /* main.m */; };
		C38DD9E417F340EC0068532F /* IJAppDelegate.m in Sources */ = {isa = PBXBuildFile; fileRef = C38DD9E317F340EC0068532F /* IJAppDelegate.m */; };
		C38DD9E717F340EC0068532F /* Main.storyboard in Resources */ = {isa = PBXBuildFile; fileRef = C38DD9E517F340EC0068532F /* Main.storyboard */; };
		C38DD9EA17F340EC0068532F /* IJViewController.m in Sources */ = {isa = PBXBuildFile; fileRef = C38DD9E917F340EC0068532F /* IJViewController.m */; };
		C38DD9EC17F340EC0068532F /* Images.xcassets in Resources */ = {isa = PBXBuildFile; fileRef = C38DD9EB17F340EC0068532F /* Images.xcassets */; };
		C38DD9F317F340EC0068532F /* XCTest.framework in Frameworks */ = {isa = PBXBuildFile; fileRef = C38DD9F217F340EC0068532F /* XCTest.framework */; };
		C38DD9F417F340EC0068532F /* Foundation.framework in Frameworks */ = {isa = PBXBuildFile; fileRef = C38DD9D317F340EC0068532F /* Foundation.framework */; };
		C38DD9F517F340EC0068532F /* UIKit.framework in Frameworks */ = {isa = PBXBuildFile; fileRef = C38DD9D717F340EC0068532F /* UIKit.framework */; };
		C38DD9FD17F340EC0068532F /* InfoPlist.strings in Resources */ = {isa = PBXBuildFile; fileRef = C38DD9FB17F340EC0068532F /* InfoPlist.strings */; };
		C38DD9FF17F340EC0068532F /* esborrarTests.m in Sources */ = {isa = PBXBuildFile; fileRef = C38DD9FE17F340EC0068532F /* esborrarTests.m */; };
/* End PBXBuildFile section */

/* Begin PBXContainerItemProxy section */
		C38DD9F617F340EC0068532F /* PBXContainerItemProxy */ = {
			isa = PBXContainerItemProxy;
			containerPortal = C38DD9C817F340EC0068532F /* Project object */;
			proxyType = 1;
			remoteGlobalIDString = C38DD9CF17F340EC0068532F;
			remoteInfo = esborrar;
		};
/* End PBXContainerItemProxy section */

/* Begin PBXFileReference section */
		C38DD9D017F340EC0068532F /* esborrar.app */ = {isa = PBXFileReference; explicitFileType = wrapper.application; includeInIndex = 0; path = esborrar.app; sourceTree = BUILT_PRODUCTS_DIR; };
		C38DD9D317F340EC0068532F /* Foundation.framework */ = {isa = PBXFileReference; lastKnownFileType = wrapper.framework; name = Foundation.framework; path = System/Library/Frameworks/Foundation.framework; sourceTree = SDKROOT; };
		C38DD9D517F340EC0068532F /* CoreGraphics.framework */ = {isa = PBXFileReference; lastKnownFileType = wrapper.framework; name = CoreGraphics.framework; path = System/Library/Frameworks/CoreGraphics.framework; sourceTree = SDKROOT; };
		C38DD9D717F340EC0068532F /* UIKit.framework */ = {isa = PBXFileReference; lastKnownFileType = wrapper.framework; name = UIKit.framework; path = System/Library/Frameworks/UIKit.framework; sourceTree = SDKROOT; };
		C38DD9DB17F340EC0068532F /* esborrar-Info.plist */ = {isa = PBXFileReference; lastKnownFileType = text.plist.xml; path = "esborrar-Info.plist"; sourceTree = "<group>"; };
		C38DD9DD17F340EC0068532F /* en */ = {isa = PBXFileReference; lastKnownFileType = text.plist.strings; name = en; path = en.lproj/InfoPlist.strings; sourceTree = "<group>"; };
		C38DD9DF17F340EC0068532F /* main.m */ = {isa = PBXFileReference; lastKnownFileType = sourcecode.c.objc; path = main.m; sourceTree = "<group>"; };
		C38DD9E117F340EC0068532F /* esborrar-Prefix.pch */ = {isa = PBXFileReference; lastKnownFileType = sourcecode.c.h; path = "esborrar-Prefix.pch"; sourceTree = "<group>"; };
		C38DD9E217F340EC0068532F /* IJAppDelegate.h */ = {isa = PBXFileReference; lastKnownFileType = sourcecode.c.h; path = IJAppDelegate.h; sourceTree = "<group>"; };
		C38DD9E317F340EC0068532F /* IJAppDelegate.m */ = {isa = PBXFileReference; lastKnownFileType = sourcecode.c.objc; path = IJAppDelegate.m; sourceTree = "<group>"; };
		C38DD9E617F340EC0068532F /* Base */ = {isa = PBXFileReference; lastKnownFileType = file.storyboard; name = Base; path = Base.lproj/Main.storyboard; sourceTree = "<group>"; };
		C38DD9E817F340EC0068532F /* IJViewController.h */ = {isa = PBXFileReference; lastKnownFileType = sourcecode.c.h; path = IJViewController.h; sourceTree = "<group>"; };
		C38DD9E917F340EC0068532F /* IJViewController.m */ = {isa = PBXFileReference; lastKnownFileType = sourcecode.c.objc; path = IJViewController.m; sourceTree = "<group>"; };
		C38DD9EB17F340EC0068532F /* Images.xcassets */ = {isa = PBXFileReference; lastKnownFileType = folder.assetcatalog; path = Images.xcassets; sourceTree = "<group>"; };
		C38DD9F117F340EC0068532F /* esborrarTests.xctest */ = {isa = PBXFileReference; explicitFileType = wrapper.cfbundle; includeInIndex = 0; path = esborrarTests.xctest; sourceTree = BUILT_PRODUCTS_DIR; };
		C38DD9F217F340EC0068532F /* XCTest.framework */ = {isa = PBXFileReference; lastKnownFileType = wrapper.framework; name = XCTest.framework; path = Library/Frameworks/XCTest.framework; sourceTree = DEVELOPER_DIR; };
		C38DD9FA17F340EC0068532F /* esborrarTests-Info.plist */ = {isa = PBXFileReference; lastKnownFileType = text.plist.xml; path = "esborrarTests-Info.plist"; sourceTree = "<group>"; };
		C38DD9FC17F340EC0068532F /* en */ = {isa = PBXFileReference; lastKnownFileType = text.plist.strings; name = en; path = en.lproj/InfoPlist.strings; sourceTree = "<group>"; };
		C38DD9FE17F340EC0068532F /* esborrarTests.m */ = {isa = PBXFileReference; lastKnownFileType = sourcecode.c.objc; path = esborrarTests.m; sourceTree = "<group>"; };
/* End PBXFileReference section */

/* Begin PBXFrameworksBuildPhase section */
		C38DD9CD17F340EC0068532F /* Frameworks */ = {
			isa = PBXFrameworksBuildPhase;
			buildActionMask = 2147483647;
			files = (
				C38DD9D617F340EC0068532F /* CoreGraphics.framework in Frameworks */,
				C38DD9D817F340EC0068532F /* UIKit.framework in Frameworks */,
				C38DD9D417F340EC0068532F /* Foundation.framework in Frameworks */,
			);
			runOnlyForDeploymentPostprocessing = 0;
		};
		C38DD9EE17F340EC0068532F /* Frameworks */ = {
			isa = PBXFrameworksBuildPhase;
			buildActionMask = 2147483647;
			files = (
				C38DD9F317F340EC0068532F /* XCTest.framework in Frameworks */,
				C38DD9F517F340EC0068532F /* UIKit.framework in Frameworks */,
				C38DD9F417F340EC0068532F /* Foundation.framework in Frameworks */,
			);
			runOnlyForDeploymentPostprocessing = 0;
		};
/* End PBXFrameworksBuildPhase section */

/* Begin PBXGroup section */
		C38DD9C717F340EC0068532F = {
			isa = PBXGroup;
			children = (
				C38DD9D917F340EC0068532F /* esborrar */,
				C38DD9F817F340EC0068532F /* esborrarTests */,
				C38DD9D217F340EC0068532F /* Frameworks */,
				C38DD9D117F340EC0068532F /* Products */,
			);
			sourceTree = "<group>";
		};
		C38DD9D117F340EC0068532F /* Products */ = {
			isa = PBXGroup;
			children = (
				C38DD9D017F340EC0068532F /* esborrar.app */,
				C38DD9F117F340EC0068532F /* esborrarTests.xctest */,
			);
			name = Products;
			sourceTree = "<group>";
		};
		C38DD9D217F340EC0068532F /* Frameworks */ = {
			isa = PBXGroup;
			children = (
				C38DD9D317F340EC0068532F /* Foundation.framework */,
				C38DD9D517F340EC0068532F /* CoreGraphics.framework */,
				C38DD9D717F340EC0068532F /* UIKit.framework */,
				C38DD9F217F340EC0068532F /* XCTest.framework */,
			);
			name = Frameworks;
			sourceTree = "<group>";
		};
		C38DD9D917F340EC0068532F /* esborrar */ = {
			isa = PBXGroup;
			children = (
				C38DD9E217F340EC0068532F /* IJAppDelegate.h */,
				C38DD9E317F340EC0068532F /* IJAppDelegate.m */,
				C38DD9E517F340EC0068532F /* Main.storyboard */,
				C38DD9E817F340EC0068532F /* IJViewController.h */,
				C38DD9E917F340EC0068532F /* IJViewController.m */,
				C38DD9EB17F340EC0068532F /* Images.xcassets */,
				C38DD9DA17F340EC0068532F /* Supporting Files */,
			);
			path = esborrar;
			sourceTree = "<group>";
		};
		C38DD9DA17F340EC0068532F /* Supporting Files */ = {
			isa = PBXGroup;
			children = (
				C38DD9DB17F340EC0068532F /* esborrar-Info.plist */,
				C38DD9DC17F340EC0068532F /* InfoPlist.strings */,
				C38DD9DF17F340EC0068532F /* main.m */,
				C38DD9E117F340EC0068532F /* esborrar-Prefix.pch */,
			);
			name = "Supporting Files";
			sourceTree = "<group>";
		};
		C38DD9F817F340EC0068532F /* esborrarTests */ = {
			isa = PBXGroup;
			children = (
				C38DD9FE17F340EC0068532F /* esborrarTests.m */,
				C38DD9F917F340EC0068532F /* Supporting Files */,
			);
			path = esborrarTests;
			sourceTree = "<group>";
		};
		C38DD9F917F340EC0068532F /* Supporting Files */ = {
			isa = PBXGroup;
			children = (
				C38DD9FA17F340EC0068532F /* esborrarTests-Info.plist */,
				C38DD9FB17F340EC0068532F /* InfoPlist.strings */,
			);
			name = "Supporting Files";
			sourceTree = "<group>";
		};
/* End PBXGroup section */

/* Begin PBXNativeTarget section */
		C38DD9CF17F340EC0068532F /* esborrar */ = {
			isa = PBXNativeTarget;
			buildConfigurationList = C38DDA0217F340EC0068532F /* Build configuration list for PBXNativeTarget "esborrar" */;
			buildPhases = (
				C38DD9CC17F340EC0068532F /* Sources */,
				C38DD9CD17F340EC0068532F /* Frameworks */,
				C38DD9CE17F340EC0068532F /* Resources */,
			);
			buildRules = (
			);
			dependencies = (
			);
			name = esborrar;
			productName = esborrar;
			productReference = C38DD9D017F340EC0068532F /* esborrar.app */;
			productType = "com.apple.product-type.application";
		};
		C38DD9F017F340EC0068532F /* esborrarTests */ = {
			isa = PBXNativeTarget;
			buildConfigurationList = C38DDA0517F340EC0068532F /* Build configuration list for PBXNativeTarget "esborrarTests" */;
			buildPhases = (
				C38DD9ED17F340EC0068532F /* Sources */,
				C38DD9EE17F340EC0068532F /* Frameworks */,
				C38DD9EF17F340EC0068532F /* Resources */,
			);
			buildRules = (
			);
			dependencies = (
				C38DD9F717F340EC0068532F /* PBXTargetDependency */,
			);
			name = esborrarTests;
			productName = esborrarTests;
			productReference = C38DD9F117F340EC0068532F /* esborrarTests.xctest */;
			productType = "com.apple.product-type.bundle.unit-test";
		};
/* End PBXNativeTarget section */

/* Begin PBXProject section */
		C38DD9C817F340EC0068532F /* Project object */ = {
			isa = PBXProject;
			attributes = {
				CLASSPREFIX = IJ;
				LastUpgradeCheck = 0500;
				ORGANIZATIONNAME = "Daniel Muñoz";
				TargetAttributes = {
					C38DD9F017F340EC0068532F = {
						TestTargetID = C38DD9CF17F340EC0068532F;
					};
				};
			};
			buildConfigurationList = C38DD9CB17F340EC0068532F /* Build configuration list for PBXProject "esborrar" */;
			compatibilityVersion = "Xcode 3.2";
			developmentRegion = English;
			hasScannedForEncodings = 0;
			knownRegions = (
				en,
				Base,
			);
			mainGroup = C38DD9C717F340EC0068532F;
			productRefGroup = C38DD9D117F340EC0068532F /* Products */;
			projectDirPath = "";
			projectRoot = "";
			targets = (
				C38DD9CF17F340EC0068532F /* esborrar */,
				C38DD9F017F340EC0068532F /* esborrarTests */,
			);
		};
/* End PBXProject section */

/* Begin PBXResourcesBuildPhase section */
		C38DD9CE17F340EC0068532F /* Resources */ = {
			isa = PBXResourcesBuildPhase;
			buildActionMask = 2147483647;
			files = (
				C38DD9EC17F340EC0068532F /* Images.xcassets in Resources */,
				C38DD9DE17F340EC0068532F /* InfoPlist.strings in Resources */,
				C38DD9E717F340EC0068532F /* Main.storyboard in Resources */,
			);
			runOnlyForDeploymentPostprocessing = 0;
		};
		C38DD9EF17F340EC0068532F /* Resources */ = {
			isa = PBXResourcesBuildPhase;
			buildActionMask = 2147483647;
			files = (
				C38DD9FD17F340EC0068532F /* InfoPlist.strings in Resources */,
			);
			runOnlyForDeploymentPostprocessing = 0;
		};
/* End PBXResourcesBuildPhase section */

/* Begin PBXSourcesBuildPhase section */
		C38DD9CC17F340EC0068532F /* Sources */ = {
			isa = PBXSourcesBuildPhase;
			buildActionMask = 2147483647;
			files = (
				C38DD9E017F340EC0068532F /* main.m in Sources */,
				C38DD9E417F340EC0068532F /* IJAppDelegate.m in Sources */,
				C38DD9EA17F340EC0068532F /* IJViewController.m in Sources */,
			);
			runOnlyForDeploymentPostprocessing = 0;
		};
		C38DD9ED17F340EC0068532F /* Sources */ = {
			isa = PBXSourcesBuildPhase;
			buildActionMask = 2147483647;
			files = (
				C38DD9FF17F340EC0068532F /* esborrarTests.m in Sources */,
			);
			runOnlyForDeploymentPostprocessing = 0;
		};
/* End PBXSourcesBuildPhase section */

/* Begin PBXTargetDependency section */
		C38DD9F717F340EC0068532F /* PBXTargetDependency */ = {
			isa = PBXTargetDependency;
			target = C38DD9CF17F340EC0068532F /* esborrar */;
			targetProxy = C38DD9F617F340EC0068532F /* PBXContainerItemProxy */;
		};
/* End PBXTargetDependency section */

/* Begin PBXVariantGroup section */
		C38DD9DC17F340EC0068532F /* InfoPlist.strings */ = {
			isa = PBXVariantGroup;
			children = (
				C38DD9DD17F340EC0068532F /* en */,
			);
			name = InfoPlist.strings;
			sourceTree = "<group>";
		};
		C38DD9E517F340EC0068532F /* Main.storyboard */ = {
			isa = PBXVariantGroup;
			children = (
				C38DD9E617F340EC0068532F /* Base */,
			);
			name = Main.storyboard;
			sourceTree = "<group>";
		};
		C38DD9FB17F340EC0068532F /* InfoPlist.strings */ = {
			isa = PBXVariantGroup;
			children = (
				C38DD9FC17F340EC0068532F /* en */,
			);
			name = InfoPlist.strings;
			sourceTree = "<group>";
		};
/* End PBXVariantGroup section */

/* Begin XCBuildConfiguration section */
		C38DDA0017F340EC0068532F /* Debug */ = {
			isa = XCBuildConfiguration;
			buildSettings = {
				ALWAYS_SEARCH_USER_PATHS = NO;
				ARCHS = "$(ARCHS_STANDARD_INCLUDING_64_BIT)";
				CLANG_CXX_LANGUAGE_STANDARD = "gnu++0x";
				CLANG_CXX_LIBRARY = "libc++";
				CLANG_ENABLE_MODULES = YES;
				CLANG_ENABLE_OBJC_ARC = YES;
				CLANG_WARN_BOOL_CONVERSION = YES;
				CLANG_WARN_CONSTANT_CONVERSION = YES;
				CLANG_WARN_DIRECT_OBJC_ISA_USAGE = YES_ERROR;
				CLANG_WARN_EMPTY_BODY = YES;
				CLANG_WARN_ENUM_CONVERSION = YES;
				CLANG_WARN_INT_CONVERSION = YES;
				CLANG_WARN_OBJC_ROOT_CLASS = YES_ERROR;
				CLANG_WARN__DUPLICATE_METHOD_MATCH = YES;
				"CODE_SIGN_IDENTITY[sdk=iphoneos*]" = "iPhone Developer";
				COPY_PHASE_STRIP = NO;
				GCC_C_LANGUAGE_STANDARD = gnu99;
				GCC_DYNAMIC_NO_PIC = NO;
				GCC_OPTIMIZATION_LEVEL = 0;
				GCC_PREPROCESSOR_DEFINITIONS = (
					"DEBUG=1",
					"$(inherited)",
				);
				GCC_SYMBOLS_PRIVATE_EXTERN = NO;
				GCC_WARN_64_TO_32_BIT_CONVERSION = YES;
				GCC_WARN_ABOUT_RETURN_TYPE = YES_ERROR;
				GCC_WARN_UNDECLARED_SELECTOR = YES;
				GCC_WARN_UNINITIALIZED_AUTOS = YES;
				GCC_WARN_UNUSED_FUNCTION = YES;
				GCC_WARN_UNUSED_VARIABLE = YES;
				IPHONEOS_DEPLOYMENT_TARGET = 7.0;
				ONLY_ACTIVE_ARCH = YES;
				SDKROOT = iphoneos;
			};
			name = Debug;
		};
		C38DDA0117F340EC0068532F /* Release */ = {
			isa = XCBuildConfiguration;
			buildSettings = {
				ALWAYS_SEARCH_USER_PATHS = NO;
				ARCHS = "$(ARCHS_STANDARD_INCLUDING_64_BIT)";
				CLANG_CXX_LANGUAGE_STANDARD = "gnu++0x";
				CLANG_CXX_LIBRARY = "libc++";
				CLANG_ENABLE_MODULES = YES;
				CLANG_ENABLE_OBJC_ARC = YES;
				CLANG_WARN_BOOL_CONVERSION = YES;
				CLANG_WARN_CONSTANT_CONVERSION = YES;
				CLANG_WARN_DIRECT_OBJC_ISA_USAGE = YES_ERROR;
				CLANG_WARN_EMPTY_BODY = YES;
				CLANG_WARN_ENUM_CONVERSION = YES;
				CLANG_WARN_INT_CONVERSION = YES;
				CLANG_WARN_OBJC_ROOT_CLASS = YES_ERROR;
				CLANG_WARN__DUPLICATE_METHOD_MATCH = YES;
				"CODE_SIGN_IDENTITY[sdk=iphoneos*]" = "iPhone Developer";
				COPY_PHASE_STRIP = YES;
				ENABLE_NS_ASSERTIONS = NO;
				GCC_C_LANGUAGE_STANDARD = gnu99;
				GCC_WARN_64_TO_32_BIT_CONVERSION = YES;
				GCC_WARN_ABOUT_RETURN_TYPE = YES_ERROR;
				GCC_WARN_UNDECLARED_SELECTOR = YES;
				GCC_WARN_UNINITIALIZED_AUTOS = YES;
				GCC_WARN_UNUSED_FUNCTION = YES;
				GCC_WARN_UNUSED_VARIABLE = YES;
				IPHONEOS_DEPLOYMENT_TARGET = 7.0;
				SDKROOT = iphoneos;
				VALIDATE_PRODUCT = YES;
			};
			name = Release;
		};
		C38DDA0317F340EC0068532F /* Debug */ = {
			isa = XCBuildConfiguration;
			buildSettings = {
				ASSETCATALOG_COMPILER_APPICON_NAME = AppIcon;
				ASSETCATALOG_COMPILER_LAUNCHIMAGE_NAME = LaunchImage;
				GCC_PRECOMPILE_PREFIX_HEADER = YES;
				GCC_PREFIX_HEADER = "esborrar/esborrar-Prefix.pch";
				INFOPLIST_FILE = "esborrar/esborrar-Info.plist";
				PRODUCT_NAME = "$(TARGET_NAME)";
				WRAPPER_EXTENSION = app;
			};
			name = Debug;
		};
		C38DDA0417F340EC0068532F /* Release */ = {
			isa = XCBuildConfiguration;
			buildSettings = {
				ASSETCATALOG_COMPILER_APPICON_NAME = AppIcon;
				ASSETCATALOG_COMPILER_LAUNCHIMAGE_NAME = LaunchImage;
				GCC_PRECOMPILE_PREFIX_HEADER = YES;
				GCC_PREFIX_HEADER = "esborrar/esborrar-Prefix.pch";
				INFOPLIST_FILE = "esborrar/esborrar-Info.plist";
				PRODUCT_NAME = "$(TARGET_NAME)";
				WRAPPER_EXTENSION = app;
			};
			name = Release;
		};
		C38DDA0617F340EC0068532F /* Debug */ = {
			isa = XCBuildConfiguration;
			buildSettings = {
				ARCHS = "$(ARCHS_STANDARD_INCLUDING_64_BIT)";
				BUNDLE_LOADER = "$(BUILT_PRODUCTS_DIR)/esborrar.app/esborrar";
				FRAMEWORK_SEARCH_PATHS = (
					"$(SDKROOT)/Developer/Library/Frameworks",
					"$(inherited)",
					"$(DEVELOPER_FRAMEWORKS_DIR)",
				);
				GCC_PRECOMPILE_PREFIX_HEADER = YES;
				GCC_PREFIX_HEADER = "esborrar/esborrar-Prefix.pch";
				GCC_PREPROCESSOR_DEFINITIONS = (
					"DEBUG=1",
					"$(inherited)",
				);
				INFOPLIST_FILE = "esborrarTests/esborrarTests-Info.plist";
				PRODUCT_NAME = "$(TARGET_NAME)";
				TEST_HOST = "$(BUNDLE_LOADER)";
				WRAPPER_EXTENSION = xctest;
			};
			name = Debug;
		};
		C38DDA0717F340EC0068532F /* Release */ = {
			isa = XCBuildConfiguration;
			buildSettings = {
				ARCHS = "$(ARCHS_STANDARD_INCLUDING_64_BIT)";
				BUNDLE_LOADER = "$(BUILT_PRODUCTS_DIR)/esborrar.app/esborrar";
				FRAMEWORK_SEARCH_PATHS = (
					"$(SDKROOT)/Developer/Library/Frameworks",
					"$(inherited)",
					"$(DEVELOPER_FRAMEWORKS_DIR)",
				);
				GCC_PRECOMPILE_PREFIX_HEADER = YES;
				GCC_PREFIX_HEADER = "esborrar/esborrar-Prefix.pch";
				INFOPLIST_FILE = "esborrarTests/esborrarTests-Info.plist";
				PRODUCT_NAME = "$(TARGET_NAME)";
				TEST_HOST = "$(BUNDLE_LOADER)";
				WRAPPER_EXTENSION = xctest;
			};
			name = Release;
		};
/* End XCBuildConfiguration section */

/* Begin XCConfigurationList section */
		C38DD9CB17F340EC0068532F /* Build configuration list for PBXProject "esborrar" */ = {
			isa = XCConfigurationList;
			buildConfigurations = (
				C38DDA0017F340EC0068532F /* Debug */,
				C38DDA0117F340EC0068532F /* Release */,
			);
			defaultConfigurationIsVisible = 0;
			defaultConfigurationName = Release;
		};
		C38DDA0217F340EC0068532F /* Build configuration list for PBXNativeTarget "esborrar" */ = {
			isa = XCConfigurationList;
			buildConfigurations = (
				C38DDA0317F340EC0068532F /* Debug */,
				C38DDA0417F340EC0068532F /* Release */,
			);
			defaultConfigurationIsVisible = 0;
		};
		C38DDA0517F340EC0068532F /* Build configuration list for PBXNativeTarget "esborrarTests" */ = {
			isa = XCConfigurationList;
			buildConfigurations = (
				C38DDA0617F340EC0068532F /* Debug */,
				C38DDA0717F340EC0068532F /* Release */,
			);
			defaultConfigurationIsVisible = 0;
		};
/* End XCConfigurationList section */
	};
	rootObject = C38DD9C817F340EC0068532F /* Project object */;
}
